
Microsoft Visual Studio Solution File, Format Version 12.00
# Visual Studio Version 17
VisualStudioVersion = 17.11.35222.181
MinimumVisualStudioVersion = 10.0.40219.1
Project("{FAE04EC0-301F-11D3-BF4B-00C04F79EFBC}") = "SHEILLA_COMPANY", "SHEILLA_COMPANY.csproj", "{479A2562-7958-45B6-908B-CD340FB34381}"
EndProject
Global
	GlobalSection(SolutionConfigurationPlatforms) = preSolution
		Debug|Any CPU = Debug|Any CPU
		Release|Any CPU = Release|Any CPU
	EndGlobalSection
	GlobalSection(ProjectConfigurationPlatforms) = postSolution
		{479A2562-7958-45B6-908B-CD340FB34381}.Debug|Any CPU.ActiveCfg = Debug|Any CPU
		{479A2562-7958-45B6-908B-CD340FB34381}.Debug|Any CPU.Build.0 = Debug|Any CPU
		{479A2562-7958-45B6-908B-CD340FB34381}.Release|Any CPU.ActiveCfg = Release|Any CPU
		{479A2562-7958-45B6-908B-CD340FB34381}.Release|Any CPU.Build.0 = Release|Any CPU
	EndGlobalSection
	GlobalSection(SolutionProperties) = preSolution
		HideSolutionNode = FALSE
	EndGlobalSection
	GlobalSection(ExtensibilityGlobals) = postSolution
		SolutionGuid = {4CDC6C30-EB56-4CBF-AE42-3F010664641E}
	EndGlobalSection
EndGlobal
